<?xml version="1.0" encoding="utf-8"?>
<Project ToolsVersion="4.0" xmlns="http://schemas.microsoft.com/developer/msbuild/2003">
  <ItemGroup>
    <Filter Include="Source Files">
      <UniqueIdentifier>{4FC737F1-C7A5-4376-A066-2A32D752A2FF}</UniqueIdentifier>
      <Extensions>cpp;c;cc;cxx;def;odl;idl;hpj;bat;asm;asmx</Extensions>
    </Filter>
    <Filter Include="Header Files">
      <UniqueIdentifier>{93995380-89BD-4b04-88EB-625FBE52EBFB}</UniqueIdentifier>
      <Extensions>h;hpp;hxx;hm;inl;inc;xsd</Extensions>
    </Filter>
    <Filter Include="Header Files\misc">
      <UniqueIdentifier>{b27ef20e-750e-40f5-9eac-ad3ceb678d2e}</UniqueIdentifier>
    </Filter>
    <Filter Include="Source Files\amd64">
      <UniqueIdentifier>{74310893-3314-4c41-839e-69d08f457f9c}</UniqueIdentifier>
    </Filter>
    <Filter Include="Source Files\i386">
      <UniqueIdentifier>{370d0aaf-f702-4192-8dc4-683abdcd01b0}</UniqueIdentifier>
    </Filter>
  </ItemGroup>
  <ItemGroup>
    <ClCompile Include="mirror.c">
      <Filter>Source Files</Filter>
    </ClCompile>
    <ClCompile Include="logger.c">
      <Filter>Source Files</Filter>
    </ClCompile>
  </ItemGroup>
  <ItemGroup>
    <ClInclude Include="mirror.h">
      <Filter>Header Files</Filter>
    </ClInclude>
    <ClInclude Include="logger.h">
      <Filter>Header Files</Filter>
    </ClInclude>
    <ClInclude Include="midefs.h">
      <Filter>Header Files</Filter>
    </ClInclude>
    <ClInclude Include="arch.h">
      <Filter>Header Files</Filter>
    </ClInclude>
    <ClInclude Include="extensions.h">
      <Filter>Header Files</Filter>
    </ClInclude>
    <ClInclude Include="ins.h">
      <Filter>Header Files</Filter>
    </ClInclude>
  </ItemGroup>
  <ItemGroup>
    <MASM Include="i386\insi386.asm">
      <Filter>Source Files\i386</Filter>
    </MASM>
    <MASM Include="amd64\insamd64.asm">
      <Filter>Source Files\amd64</Filter>
    </MASM>
    <MASM Include="amd64\vmxamd64.asm">
      <Filter>Source Files\amd64</Filter>
    </MASM>
    <MASM Include="i386\vmxi386.asm">
      <Filter>Source Files\i386</Filter>
    </MASM>
    <MASM Include="i386\svmi386.asm">
      <Filter>Source Files\i386</Filter>
    </MASM>
    <MASM Include="amd64\svmamd64.asm">
      <Filter>Source Files\amd64</Filter>
    </MASM>
  </ItemGroup>
</Project>