
Microsoft Visual Studio Solution File, Format Version 12.00
# Visual Studio Version 16
VisualStudioVersion = 16.0.32510.428
MinimumVisualStudioVersion = 10.0.40219.1
Project("{8BC9CEB8-8B4A-11D0-8D11-00A0C91BC942}") = "mirror", "mirror\mirror.vcxproj", "{5BFA8679-04E4-49BE-A11F-06CEEE07927B}"
EndProject
Project("{2150E333-8FDC-42A3-9474-1A3956D46DE8}") = "Solution Items", "Solution Items", "{7ABFB008-6FD3-4F96-9720-2D06D9B1E620}"
	ProjectSection(SolutionItems) = preProject
		.editorconfig = .editorconfig
		.gitattributes = .gitattributes
		.gitignore = .gitignore
	EndProjectSection
EndProject
Global
	GlobalSection(SolutionConfigurationPlatforms) = preSolution
		Debug|x64 = Debug|x64
		Debug|x86 = Debug|x86
		Release|x64 = Release|x64
		Release|x86 = Release|x86
	EndGlobalSection
	GlobalSection(ProjectConfigurationPlatforms) = postSolution
		{5BFA8679-04E4-49BE-A11F-06CEEE07927B}.Debug|x64.ActiveCfg = Debug|x64
		{5BFA8679-04E4-49BE-A11F-06CEEE07927B}.Debug|x64.Build.0 = Debug|x64
		{5BFA8679-04E4-49BE-A11F-06CEEE07927B}.Debug|x64.Deploy.0 = Debug|x64
		{5BFA8679-04E4-49BE-A11F-06CEEE07927B}.Debug|x86.ActiveCfg = Debug|Win32
		{5BFA8679-04E4-49BE-A11F-06CEEE07927B}.Debug|x86.Build.0 = Debug|Win32
		{5BFA8679-04E4-49BE-A11F-06CEEE07927B}.Debug|x86.Deploy.0 = Debug|Win32
		{5BFA8679-04E4-49BE-A11F-06CEEE07927B}.Release|x64.ActiveCfg = Release|x64
		{5BFA8679-04E4-49BE-A11F-06CEEE07927B}.Release|x64.Build.0 = Release|x64
		{5BFA8679-04E4-49BE-A11F-06CEEE07927B}.Release|x64.Deploy.0 = Release|x64
		{5BFA8679-04E4-49BE-A11F-06CEEE07927B}.Release|x86.ActiveCfg = Release|Win32
		{5BFA8679-04E4-49BE-A11F-06CEEE07927B}.Release|x86.Build.0 = Release|Win32
		{5BFA8679-04E4-49BE-A11F-06CEEE07927B}.Release|x86.Deploy.0 = Release|Win32
	EndGlobalSection
	GlobalSection(SolutionProperties) = preSolution
		HideSolutionNode = FALSE
	EndGlobalSection
	GlobalSection(ExtensibilityGlobals) = postSolution
		SolutionGuid = {F4CF6D07-FBD3-4F83-9ABD-8573B4D5A246}
	EndGlobalSection
EndGlobal
